
Microsoft Visual Studio Solution File, Format Version 12.00
# Visual Studio Version 17
VisualStudioVersion = 17.13.35825.156 d17.13
MinimumVisualStudioVersion = 10.0.40219.1
Project("{FAE04EC0-301F-11D3-BF4B-00C04F79EFBC}") = "27-FrontToBackSqlConnection", "27-FrontToBackSqlConnection.csproj", "{BDC506F8-1957-42D3-89AE-15894AC4A680}"
EndProject
Global
	GlobalSection(SolutionConfigurationPlatforms) = preSolution
		Debug|Any CPU = Debug|Any CPU
		Release|Any CPU = Release|Any CPU
	EndGlobalSection
	GlobalSection(ProjectConfigurationPlatforms) = postSolution
		{BDC506F8-1957-42D3-89AE-15894AC4A680}.Debug|Any CPU.ActiveCfg = Debug|Any CPU
		{BDC506F8-1957-42D3-89AE-15894AC4A680}.Debug|Any CPU.Build.0 = Debug|Any CPU
		{BDC506F8-1957-42D3-89AE-15894AC4A680}.Release|Any CPU.ActiveCfg = Release|Any CPU
		{BDC506F8-1957-42D3-89AE-15894AC4A680}.Release|Any CPU.Build.0 = Release|Any CPU
	EndGlobalSection
	GlobalSection(SolutionProperties) = preSolution
		HideSolutionNode = FALSE
	EndGlobalSection
	GlobalSection(ExtensibilityGlobals) = postSolution
		SolutionGuid = {9A159A4C-E673-4633-8833-186D60030824}
	EndGlobalSection
EndGlobal
